{
  "requires": true,
  "lockfileVersion": 1,
  "dependencies": {
    "async": {
      "version": "0.9.0",
      "resolved": "http://registry.npm.taobao.org/async/download/async-0.9.0.tgz"
    },
    "colors": {
      "version": "1.0.3",
      "resolved": "http://registry.npm.taobao.org/colors/download/colors-1.0.3.tgz"
    },
    "corser": {
      "version": "file:http:/registry.npm.taobao.org/corser/download/corser-2.0.1.tgz"
    },
    "debug": {
      "version": "3.1.0",
      "resolved": "http://registry.npm.taobao.org/debug/download/debug-3.1.0.tgz",
      "requires": {
        "ms": "2.0.0"
      },
      "dependencies": {
        "ms": {
          "version": "2.0.0",
          "bundled": true
        }
      }
    },
    "ecstatic": {
      "version": "2.2.1",
      "resolved": "http://registry.npm.taobao.org/ecstatic/download/ecstatic-2.2.1.tgz",
      "requires": {
        "he": "^1.1.1",
        "mime": "^1.2.11",
        "minimist": "^1.1.0",
        "url-join": "^2.0.2"
      },
      "dependencies": {
        "he": {
          "version": "http://registry.npm.taobao.org/he/download/he-1.2.0.tgz",
          "bundled": true
        },
        "mime": {
          "version": "http://registry.npm.taobao.org/mime/download/mime-1.6.0.tgz",
          "bundled": true
        },
        "minimist": {
          "version": "http://registry.npm.taobao.org/minimist/download/minimist-1.2.0.tgz",
          "bundled": true
        },
        "url-join": {
          "version": "http://registry.npm.taobao.org/url-join/download/url-join-2.0.5.tgz",
          "bundled": true
        }
      }
    },
    "eventemitter3": {
      "version": "3.1.0",
      "resolved": "http://registry.npm.taobao.org/eventemitter3/download/eventemitter3-3.1.0.tgz"
    },
    "follow-redirects": {
      "version": "1.5.10",
      "resolved": "http://registry.npm.taobao.org/follow-redirects/download/follow-redirects-1.5.10.tgz",
      "requires": {
        "debug": "=3.1.0"
      },
      "dependencies": {
        "debug": {
          "version": "3.1.0",
          "bundled": true,
          "requires": {
            "ms": "2.0.0"
          },
          "dependencies": {
            "ms": {
              "version": "2.0.0",
              "bundled": true
            }
          }
        }
      }
    },
    "he": {
      "version": "1.2.0",
      "resolved": "http://registry.npm.taobao.org/he/download/he-1.2.0.tgz"
    },
    "http-proxy": {
      "version": "file:http:/registry.npm.taobao.org/http-proxy/download/http-proxy-1.17.0.tgz",
      "requires": {
        "eventemitter3": "^3.0.0",
        "follow-redirects": "^1.0.0",
        "requires-port": "^1.0.0"
      },
      "dependencies": {
        "eventemitter3": {
          "version": "3.1.0",
          "resolved": "http://registry.npm.taobao.org/eventemitter3/download/eventemitter3-3.1.0.tgz"
        },
        "follow-redirects": {
          "version": "1.5.10",
          "resolved": "http://registry.npm.taobao.org/follow-redirects/download/follow-redirects-1.5.10.tgz",
          "requires": {
            "debug": "=3.1.0"
          },
          "dependencies": {
            "debug": {
              "version": "3.1.0",
              "bundled": true,
              "requires": {
                "ms": "2.0.0"
              },
              "dependencies": {}
            }
          }
        },
        "requires-port": {
          "version": "1.0.0",
          "resolved": "http://registry.npm.taobao.org/requires-port/download/requires-port-1.0.0.tgz"
        }
      }
    },
    "http-serve": {
      "version": "1.0.1",
      "resolved": "http://registry.npm.taobao.org/http-serve/download/http-serve-1.0.1.tgz",
      "requires": {
        "colors": "1.0.3",
        "corser": "~2.0.0",
        "ecstatic": "^2.0.0",
        "http-proxy": "^1.8.1",
        "opener": "~1.4.0",
        "optimist": "0.6.x",
        "portfinder": "0.4.x",
        "union": "~0.4.3"
      },
      "dependencies": {
        "colors": {
          "version": "http://registry.npm.taobao.org/colors/download/colors-1.0.3.tgz",
          "bundled": true
        },
        "corser": {
          "version": "http://registry.npm.taobao.org/corser/download/corser-2.0.1.tgz",
          "bundled": true
        },
        "ecstatic": {
          "version": "http://registry.npm.taobao.org/ecstatic/download/ecstatic-2.2.1.tgz",
          "bundled": true
        },
        "http-proxy": {
          "version": "http://registry.npm.taobao.org/http-proxy/download/http-proxy-1.17.0.tgz",
          "bundled": true,
          "dependencies": {
            "eventemitter3": {
              "version": "3.1.0",
              "resolved": "http://registry.npm.taobao.org/eventemitter3/download/eventemitter3-3.1.0.tgz"
            },
            "follow-redirects": {
              "version": "1.5.10",
              "resolved": "http://registry.npm.taobao.org/follow-redirects/download/follow-redirects-1.5.10.tgz",
              "requires": {
                "debug": "=3.1.0"
              },
              "dependencies": {}
            },
            "requires-port": {
              "version": "1.0.0",
              "resolved": "http://registry.npm.taobao.org/requires-port/download/requires-port-1.0.0.tgz"
            }
          }
        },
        "opener": {
          "version": "http://registry.npm.taobao.org/opener/download/opener-1.4.3.tgz",
          "bundled": true
        },
        "optimist": {
          "version": "http://registry.npm.taobao.org/optimist/download/optimist-0.6.1.tgz",
          "bundled": true
        },
        "portfinder": {
          "version": "http://registry.npm.taobao.org/portfinder/download/portfinder-0.4.0.tgz",
          "bundled": true
        },
        "union": {
          "version": "http://registry.npm.taobao.org/union/download/union-0.4.6.tgz",
          "bundled": true,
          "dependencies": {
            "qs": {
              "version": "2.3.3",
              "resolved": "http://registry.npm.taobao.org/qs/download/qs-2.3.3.tgz"
            }
          }
        }
      }
    },
    "init-es6-environment": {
      "version": "0.0.1",
      "resolved": "https://registry.npmjs.org/init-es6-environment/-/init-es6-environment-0.0.1.tgz",
      "integrity": "sha512-7YYHD2vy100OSWJLgZpLxcTo2zWeKOZLSi4MDTl+vWlGvc4YHHdoW0n9EmZjhhJ8dmuN3k+RTxoBx83gqcB/6Q=="
    },
    "mime": {
      "version": "1.6.0",
      "resolved": "http://registry.npm.taobao.org/mime/download/mime-1.6.0.tgz"
    },
    "minimist": {
      "version": "file:http:/registry.npm.taobao.org/minimist/download/minimist-1.2.0.tgz"
    },
    "mkdirp": {
      "version": "0.5.1",
      "resolved": "http://registry.npm.taobao.org/mkdirp/download/mkdirp-0.5.1.tgz",
      "dependencies": {
        "minimist": {
          "version": "http://registry.npm.taobao.org/minimist/download/minimist-0.0.8.tgz",
          "bundled": true
        }
      }
    },
    "ms": {
      "version": "file:http:/registry.npm.taobao.org/ms/download/ms-2.0.0.tgz"
    },
    "opener": {
      "version": "1.4.3",
      "resolved": "http://registry.npm.taobao.org/opener/download/opener-1.4.3.tgz"
    },
    "optimist": {
      "version": "0.6.1",
      "resolved": "http://registry.npm.taobao.org/optimist/download/optimist-0.6.1.tgz",
      "requires": {
        "wordwrap": "~0.0.2"
      },
      "dependencies": {
        "minimist": {
          "version": "http://registry.npm.taobao.org/minimist/download/minimist-0.0.10.tgz",
          "bundled": true
        },
        "wordwrap": {
          "version": "http://registry.npm.taobao.org/wordwrap/download/wordwrap-0.0.3.tgz",
          "bundled": true
        }
      }
    },
    "portfinder": {
      "version": "0.4.0",
      "resolved": "http://registry.npm.taobao.org/portfinder/download/portfinder-0.4.0.tgz",
      "requires": {
        "async": "0.9.0",
        "mkdirp": "0.5.x"
      },
      "dependencies": {
        "async": {
          "version": "http://registry.npm.taobao.org/async/download/async-0.9.0.tgz",
          "bundled": true
        },
        "mkdirp": {
          "version": "http://registry.npm.taobao.org/mkdirp/download/mkdirp-0.5.1.tgz",
          "bundled": true
        }
      }
    },
    "qs": {
      "version": "2.3.3",
      "resolved": "http://registry.npm.taobao.org/qs/download/qs-2.3.3.tgz"
    },
    "requires-port": {
      "version": "1.0.0",
      "resolved": "http://registry.npm.taobao.org/requires-port/download/requires-port-1.0.0.tgz"
    },
    "union": {
      "version": "file:http:/registry.npm.taobao.org/union/download/union-0.4.6.tgz",
      "requires": {
        "qs": "~2.3.3"
      },
      "dependencies": {
        "qs": {
          "version": "2.3.3",
          "resolved": "http://registry.npm.taobao.org/qs/download/qs-2.3.3.tgz"
        }
      }
    },
    "url-join": {
      "version": "file:http:/registry.npm.taobao.org/url-join/download/url-join-2.0.5.tgz"
    },
    "wordwrap": {
      "version": "0.0.3",
      "resolved": "http://registry.npm.taobao.org/wordwrap/download/wordwrap-0.0.3.tgz"
    }
  }
}
